// !$*UTF8*$!
{
	archiveVersion = 1;
	classes = {
	};
	objectVersion = 46;
	objects = {

/* Begin PBXBuildFile section */
		920E9A201EA067470041B945 /* AppDelegate.swift in Sources */ = {isa = PBXBuildFile; fileRef = 920E9A1F1EA067470041B945 /* AppDelegate.swift */; };
		920E9A221EA067470041B945 /* ViewController.swift in Sources */ = {isa = PBXBuildFile; fileRef = 920E9A211EA067470041B945 /* ViewController.swift */; };
		920E9A251EA067470041B945 /* Main.storyboard in Resources */ = {isa = PBXBuildFile; fileRef = 920E9A231EA067470041B945 /* Main.storyboard */; };
		920E9A271EA067470041B945 /* Assets.xcassets in Resources */ = {isa = PBXBuildFile; fileRef = 920E9A261EA067470041B945 /* Assets.xcassets */; };
		920E9A2A1EA067470041B945 /* LaunchScreen.storyboard in Resources */ = {isa = PBXBuildFile; fileRef = 920E9A281EA067470041B945 /* LaunchScreen.storyboard */; };
		920E9A351EA067470041B945 /* SLPageView__Tests.swift in Sources */ = {isa = PBXBuildFile; fileRef = 920E9A341EA067470041B945 /* SLPageView__Tests.swift */; };
		920E9A401EA067470041B945 /* SLPageView__UITests.swift in Sources */ = {isa = PBXBuildFile; fileRef = 920E9A3F1EA067470041B945 /* SLPageView__UITests.swift */; };
		920E9A5E1EA06A160041B945 /* SLContentView.swift in Sources */ = {isa = PBXBuildFile; fileRef = 920E9A5A1EA06A160041B945 /* SLContentView.swift */; };
		920E9A5F1EA06A160041B945 /* SLPageView.swift in Sources */ = {isa = PBXBuildFile; fileRef = 920E9A5B1EA06A160041B945 /* SLPageView.swift */; };
		920E9A601EA06A160041B945 /* SLTitleStyle.swift in Sources */ = {isa = PBXBuildFile; fileRef = 920E9A5C1EA06A160041B945 /* SLTitleStyle.swift */; };
		920E9A611EA06A160041B945 /* SLTitleView.swift in Sources */ = {isa = PBXBuildFile; fileRef = 920E9A5D1EA06A160041B945 /* SLTitleView.swift */; };
		920E9A631EA06A280041B945 /* UIColor-Extension.swift in Sources */ = {isa = PBXBuildFile; fileRef = 920E9A621EA06A280041B945 /* UIColor-Extension.swift */; };
/* End PBXBuildFile section */

/* Begin PBXContainerItemProxy section */
		920E9A311EA067470041B945 /* PBXContainerItemProxy */ = {
			isa = PBXContainerItemProxy;
			containerPortal = 920E9A141EA067470041B945 /* Project object */;
			proxyType = 1;
			remoteGlobalIDString = 920E9A1B1EA067470041B945;
			remoteInfo = "SLPageView设计";
		};
		920E9A3C1EA067470041B945 /* PBXContainerItemProxy */ = {
			isa = PBXContainerItemProxy;
			containerPortal = 920E9A141EA067470041B945 /* Project object */;
			proxyType = 1;
			remoteGlobalIDString = 920E9A1B1EA067470041B945;
			remoteInfo = "SLPageView设计";
		};
/* End PBXContainerItemProxy section */

/* Begin PBXFileReference section */
		920E9A1C1EA067470041B945 /* SLPageView设计.app */ = {isa = PBXFileReference; explicitFileType = wrapper.application; includeInIndex = 0; path = "SLPageView设计.app"; sourceTree = BUILT_PRODUCTS_DIR; };
		920E9A1F1EA067470041B945 /* AppDelegate.swift */ = {isa = PBXFileReference; lastKnownFileType = sourcecode.swift; path = AppDelegate.swift; sourceTree = "<group>"; };
		920E9A211EA067470041B945 /* ViewController.swift */ = {isa = PBXFileReference; lastKnownFileType = sourcecode.swift; path = ViewController.swift; sourceTree = "<group>"; };
		920E9A241EA067470041B945 /* Base */ = {isa = PBXFileReference; lastKnownFileType = file.storyboard; name = Base; path = Base.lproj/Main.storyboard; sourceTree = "<group>"; };
		920E9A261EA067470041B945 /* Assets.xcassets */ = {isa = PBXFileReference; lastKnownFileType = folder.assetcatalog; path = Assets.xcassets; sourceTree = "<group>"; };
		920E9A291EA067470041B945 /* Base */ = {isa = PBXFileReference; lastKnownFileType = file.storyboard; name = Base; path = Base.lproj/LaunchScreen.storyboard; sourceTree = "<group>"; };
		920E9A2B1EA067470041B945 /* Info.plist */ = {isa = PBXFileReference; lastKnownFileType = text.plist.xml; path = Info.plist; sourceTree = "<group>"; };
		920E9A301EA067470041B945 /* SLPageView设计Tests.xctest */ = {isa = PBXFileReference; explicitFileType = wrapper.cfbundle; includeInIndex = 0; path = "SLPageView设计Tests.xctest"; sourceTree = BUILT_PRODUCTS_DIR; };
		920E9A341EA067470041B945 /* SLPageView__Tests.swift */ = {isa = PBXFileReference; lastKnownFileType = sourcecode.swift; path = SLPageView__Tests.swift; sourceTree = "<group>"; };
		920E9A361EA067470041B945 /* Info.plist */ = {isa = PBXFileReference; lastKnownFileType = text.plist.xml; path = Info.plist; sourceTree = "<group>"; };
		920E9A3B1EA067470041B945 /* SLPageView设计UITests.xctest */ = {isa = PBXFileReference; explicitFileType = wrapper.cfbundle; includeInIndex = 0; path = "SLPageView设计UITests.xctest"; sourceTree = BUILT_PRODUCTS_DIR; };
		920E9A3F1EA067470041B945 /* SLPageView__UITests.swift */ = {isa = PBXFileReference; lastKnownFileType = sourcecode.swift; path = SLPageView__UITests.swift; sourceTree = "<group>"; };
		920E9A411EA067470041B945 /* Info.plist */ = {isa = PBXFileReference; lastKnownFileType = text.plist.xml; path = Info.plist; sourceTree = "<group>"; };
		920E9A5A1EA06A160041B945 /* SLContentView.swift */ = {isa = PBXFileReference; fileEncoding = 4; lastKnownFileType = sourcecode.swift; path = SLContentView.swift; sourceTree = "<group>"; };
		920E9A5B1EA06A160041B945 /* SLPageView.swift */ = {isa = PBXFileReference; fileEncoding = 4; lastKnownFileType = sourcecode.swift; path = SLPageView.swift; sourceTree = "<group>"; };
		920E9A5C1EA06A160041B945 /* SLTitleStyle.swift */ = {isa = PBXFileReference; fileEncoding = 4; lastKnownFileType = sourcecode.swift; path = SLTitleStyle.swift; sourceTree = "<group>"; };
		920E9A5D1EA06A160041B945 /* SLTitleView.swift */ = {isa = PBXFileReference; fileEncoding = 4; lastKnownFileType = sourcecode.swift; path = SLTitleView.swift; sourceTree = "<group>"; };
		920E9A621EA06A280041B945 /* UIColor-Extension.swift */ = {isa = PBXFileReference; fileEncoding = 4; lastKnownFileType = sourcecode.swift; path = "UIColor-Extension.swift"; sourceTree = "<group>"; };
/* End PBXFileReference section */

/* Begin PBXFrameworksBuildPhase section */
		920E9A191EA067470041B945 /* Frameworks */ = {
			isa = PBXFrameworksBuildPhase;
			buildActionMask = 2147483647;
			files = (
			);
			runOnlyForDeploymentPostprocessing = 0;
		};
		920E9A2D1EA067470041B945 /* Frameworks */ = {
			isa = PBXFrameworksBuildPhase;
			buildActionMask = 2147483647;
			files = (
			);
			runOnlyForDeploymentPostprocessing = 0;
		};
		920E9A381EA067470041B945 /* Frameworks */ = {
			isa = PBXFrameworksBuildPhase;
			buildActionMask = 2147483647;
			files = (
			);
			runOnlyForDeploymentPostprocessing = 0;
		};
/* End PBXFrameworksBuildPhase section */

/* Begin PBXGroup section */
		920E9A131EA067470041B945 = {
			isa = PBXGroup;
			children = (
				920E9A1E1EA067470041B945 /* SLPageView设计 */,
				920E9A331EA067470041B945 /* SLPageView设计Tests */,
				920E9A3E1EA067470041B945 /* SLPageView设计UITests */,
				920E9A1D1EA067470041B945 /* Products */,
			);
			sourceTree = "<group>";
		};
		920E9A1D1EA067470041B945 /* Products */ = {
			isa = PBXGroup;
			children = (
				920E9A1C1EA067470041B945 /* SLPageView设计.app */,
				920E9A301EA067470041B945 /* SLPageView设计Tests.xctest */,
				920E9A3B1EA067470041B945 /* SLPageView设计UITests.xctest */,
			);
			name = Products;
			sourceTree = "<group>";
		};
		920E9A1E1EA067470041B945 /* SLPageView设计 */ = {
			isa = PBXGroup;
			children = (
				920E9A591EA069DF0041B945 /* SLPageView */,
				920E9A1F1EA067470041B945 /* AppDelegate.swift */,
				920E9A211EA067470041B945 /* ViewController.swift */,
				920E9A231EA067470041B945 /* Main.storyboard */,
				920E9A261EA067470041B945 /* Assets.xcassets */,
				920E9A281EA067470041B945 /* LaunchScreen.storyboard */,
				920E9A2B1EA067470041B945 /* Info.plist */,
			);
			path = "SLPageView设计";
			sourceTree = "<group>";
		};
		920E9A331EA067470041B945 /* SLPageView设计Tests */ = {
			isa = PBXGroup;
			children = (
				920E9A341EA067470041B945 /* SLPageView__Tests.swift */,
				920E9A361EA067470041B945 /* Info.plist */,
			);
			path = "SLPageView设计Tests";
			sourceTree = "<group>";
		};
		920E9A3E1EA067470041B945 /* SLPageView设计UITests */ = {
			isa = PBXGroup;
			children = (
				920E9A3F1EA067470041B945 /* SLPageView__UITests.swift */,
				920E9A411EA067470041B945 /* Info.plist */,
			);
			path = "SLPageView设计UITests";
			sourceTree = "<group>";
		};
		920E9A591EA069DF0041B945 /* SLPageView */ = {
			isa = PBXGroup;
			children = (
				920E9A5A1EA06A160041B945 /* SLContentView.swift */,
				920E9A5B1EA06A160041B945 /* SLPageView.swift */,
				920E9A5C1EA06A160041B945 /* SLTitleStyle.swift */,
				920E9A5D1EA06A160041B945 /* SLTitleView.swift */,
				920E9A621EA06A280041B945 /* UIColor-Extension.swift */,
			);
			path = SLPageView;
			sourceTree = "<group>";
		};
/* End PBXGroup section */

/* Begin PBXNativeTarget section */
		920E9A1B1EA067470041B945 /* SLPageView设计 */ = {
			isa = PBXNativeTarget;
			buildConfigurationList = 920E9A441EA067470041B945 /* Build configuration list for PBXNativeTarget "SLPageView设计" */;
			buildPhases = (
				920E9A181EA067470041B945 /* Sources */,
				920E9A191EA067470041B945 /* Frameworks */,
				920E9A1A1EA067470041B945 /* Resources */,
			);
			buildRules = (
			);
			dependencies = (
			);
			name = "SLPageView设计";
			productName = "SLPageView设计";
			productReference = 920E9A1C1EA067470041B945 /* SLPageView设计.app */;
			productType = "com.apple.product-type.application";
		};
		920E9A2F1EA067470041B945 /* SLPageView设计Tests */ = {
			isa = PBXNativeTarget;
			buildConfigurationList = 920E9A471EA067470041B945 /* Build configuration list for PBXNativeTarget "SLPageView设计Tests" */;
			buildPhases = (
				920E9A2C1EA067470041B945 /* Sources */,
				920E9A2D1EA067470041B945 /* Frameworks */,
				920E9A2E1EA067470041B945 /* Resources */,
			);
			buildRules = (
			);
			dependencies = (
				920E9A321EA067470041B945 /* PBXTargetDependency */,
			);
			name = "SLPageView设计Tests";
			productName = "SLPageView设计Tests";
			productReference = 920E9A301EA067470041B945 /* SLPageView设计Tests.xctest */;
			productType = "com.apple.product-type.bundle.unit-test";
		};
		920E9A3A1EA067470041B945 /* SLPageView设计UITests */ = {
			isa = PBXNativeTarget;
			buildConfigurationList = 920E9A4A1EA067470041B945 /* Build configuration list for PBXNativeTarget "SLPageView设计UITests" */;
			buildPhases = (
				920E9A371EA067470041B945 /* Sources */,
				920E9A381EA067470041B945 /* Frameworks */,
				920E9A391EA067470041B945 /* Resources */,
			);
			buildRules = (
			);
			dependencies = (
				920E9A3D1EA067470041B945 /* PBXTargetDependency */,
			);
			name = "SLPageView设计UITests";
			productName = "SLPageView设计UITests";
			productReference = 920E9A3B1EA067470041B945 /* SLPageView设计UITests.xctest */;
			productType = "com.apple.product-type.bundle.ui-testing";
		};
/* End PBXNativeTarget section */

/* Begin PBXProject section */
		920E9A141EA067470041B945 /* Project object */ = {
			isa = PBXProject;
			attributes = {
				LastSwiftUpdateCheck = 0830;
				LastUpgradeCheck = 0830;
				ORGANIZATIONNAME = SLZeng;
				TargetAttributes = {
					920E9A1B1EA067470041B945 = {
						CreatedOnToolsVersion = 8.3.1;
						ProvisioningStyle = Automatic;
					};
					920E9A2F1EA067470041B945 = {
						CreatedOnToolsVersion = 8.3.1;
						ProvisioningStyle = Automatic;
						TestTargetID = 920E9A1B1EA067470041B945;
					};
					920E9A3A1EA067470041B945 = {
						CreatedOnToolsVersion = 8.3.1;
						ProvisioningStyle = Automatic;
						TestTargetID = 920E9A1B1EA067470041B945;
					};
				};
			};
			buildConfigurationList = 920E9A171EA067470041B945 /* Build configuration list for PBXProject "SLPageView设计" */;
			compatibilityVersion = "Xcode 3.2";
			developmentRegion = English;
			hasScannedForEncodings = 0;
			knownRegions = (
				en,
				Base,
			);
			mainGroup = 920E9A131EA067470041B945;
			productRefGroup = 920E9A1D1EA067470041B945 /* Products */;
			projectDirPath = "";
			projectRoot = "";
			targets = (
				920E9A1B1EA067470041B945 /* SLPageView设计 */,
				920E9A2F1EA067470041B945 /* SLPageView设计Tests */,
				920E9A3A1EA067470041B945 /* SLPageView设计UITests */,
			);
		};
/* End PBXProject section */

/* Begin PBXResourcesBuildPhase section */
		920E9A1A1EA067470041B945 /* Resources */ = {
			isa = PBXResourcesBuildPhase;
			buildActionMask = 2147483647;
			files = (
				920E9A2A1EA067470041B945 /* LaunchScreen.storyboard in Resources */,
				920E9A271EA067470041B945 /* Assets.xcassets in Resources */,
				920E9A251EA067470041B945 /* Main.storyboard in Resources */,
			);
			runOnlyForDeploymentPostprocessing = 0;
		};
		920E9A2E1EA067470041B945 /* Resources */ = {
			isa = PBXResourcesBuildPhase;
			buildActionMask = 2147483647;
			files = (
			);
			runOnlyForDeploymentPostprocessing = 0;
		};
		920E9A391EA067470041B945 /* Resources */ = {
			isa = PBXResourcesBuildPhase;
			buildActionMask = 2147483647;
			files = (
			);
			runOnlyForDeploymentPostprocessing = 0;
		};
/* End PBXResourcesBuildPhase section */

/* Begin PBXSourcesBuildPhase section */
		920E9A181EA067470041B945 /* Sources */ = {
			isa = PBXSourcesBuildPhase;
			buildActionMask = 2147483647;
			files = (
				920E9A221EA067470041B945 /* ViewController.swift in Sources */,
				920E9A201EA067470041B945 /* AppDelegate.swift in Sources */,
				920E9A611EA06A160041B945 /* SLTitleView.swift in Sources */,
				920E9A601EA06A160041B945 /* SLTitleStyle.swift in Sources */,
				920E9A5F1EA06A160041B945 /* SLPageView.swift in Sources */,
				920E9A631EA06A280041B945 /* UIColor-Extension.swift in Sources */,
				920E9A5E1EA06A160041B945 /* SLContentView.swift in Sources */,
			);
			runOnlyForDeploymentPostprocessing = 0;
		};
		920E9A2C1EA067470041B945 /* Sources */ = {
			isa = PBXSourcesBuildPhase;
			buildActionMask = 2147483647;
			files = (
				920E9A351EA067470041B945 /* SLPageView__Tests.swift in Sources */,
			);
			runOnlyForDeploymentPostprocessing = 0;
		};
		920E9A371EA067470041B945 /* Sources */ = {
			isa = PBXSourcesBuildPhase;
			buildActionMask = 2147483647;
			files = (
				920E9A401EA067470041B945 /* SLPageView__UITests.swift in Sources */,
			);
			runOnlyForDeploymentPostprocessing = 0;
		};
/* End PBXSourcesBuildPhase section */

/* Begin PBXTargetDependency section */
		920E9A321EA067470041B945 /* PBXTargetDependency */ = {
			isa = PBXTargetDependency;
			target = 920E9A1B1EA067470041B945 /* SLPageView设计 */;
			targetProxy = 920E9A311EA067470041B945 /* PBXContainerItemProxy */;
		};
		920E9A3D1EA067470041B945 /* PBXTargetDependency */ = {
			isa = PBXTargetDependency;
			target = 920E9A1B1EA067470041B945 /* SLPageView设计 */;
			targetProxy = 920E9A3C1EA067470041B945 /* PBXContainerItemProxy */;
		};
/* End PBXTargetDependency section */

/* Begin PBXVariantGroup section */
		920E9A231EA067470041B945 /* Main.storyboard */ = {
			isa = PBXVariantGroup;
			children = (
				920E9A241EA067470041B945 /* Base */,
			);
			name = Main.storyboard;
			sourceTree = "<group>";
		};
		920E9A281EA067470041B945 /* LaunchScreen.storyboard */ = {
			isa = PBXVariantGroup;
			children = (
				920E9A291EA067470041B945 /* Base */,
			);
			name = LaunchScreen.storyboard;
			sourceTree = "<group>";
		};
/* End PBXVariantGroup section */

/* Begin XCBuildConfiguration section */
		920E9A421EA067470041B945 /* Debug */ = {
			isa = XCBuildConfiguration;
			buildSettings = {
				ALWAYS_SEARCH_USER_PATHS = NO;
				CLANG_ANALYZER_NONNULL = YES;
				CLANG_ANALYZER_NUMBER_OBJECT_CONVERSION = YES_AGGRESSIVE;
				CLANG_CXX_LANGUAGE_STANDARD = "gnu++0x";
				CLANG_CXX_LIBRARY = "libc++";
				CLANG_ENABLE_MODULES = YES;
				CLANG_ENABLE_OBJC_ARC = YES;
				CLANG_WARN_BOOL_CONVERSION = YES;
				CLANG_WARN_CONSTANT_CONVERSION = YES;
				CLANG_WARN_DIRECT_OBJC_ISA_USAGE = YES_ERROR;
				CLANG_WARN_DOCUMENTATION_COMMENTS = YES;
				CLANG_WARN_EMPTY_BODY = YES;
				CLANG_WARN_ENUM_CONVERSION = YES;
				CLANG_WARN_INFINITE_RECURSION = YES;
				CLANG_WARN_INT_CONVERSION = YES;
				CLANG_WARN_OBJC_ROOT_CLASS = YES_ERROR;
				CLANG_WARN_SUSPICIOUS_MOVE = YES;
				CLANG_WARN_UNREACHABLE_CODE = YES;
				CLANG_WARN__DUPLICATE_METHOD_MATCH = YES;
				"CODE_SIGN_IDENTITY[sdk=iphoneos*]" = "iPhone Developer";
				COPY_PHASE_STRIP = NO;
				DEBUG_INFORMATION_FORMAT = dwarf;
				ENABLE_STRICT_OBJC_MSGSEND = YES;
				ENABLE_TESTABILITY = YES;
				GCC_C_LANGUAGE_STANDARD = gnu99;
				GCC_DYNAMIC_NO_PIC = NO;
				GCC_NO_COMMON_BLOCKS = YES;
				GCC_OPTIMIZATION_LEVEL = 0;
				GCC_PREPROCESSOR_DEFINITIONS = (
					"DEBUG=1",
					"$(inherited)",
				);
				GCC_WARN_64_TO_32_BIT_CONVERSION = YES;
				GCC_WARN_ABOUT_RETURN_TYPE = YES_ERROR;
				GCC_WARN_UNDECLARED_SELECTOR = YES;
				GCC_WARN_UNINITIALIZED_AUTOS = YES_AGGRESSIVE;
				GCC_WARN_UNUSED_FUNCTION = YES;
				GCC_WARN_UNUSED_VARIABLE = YES;
				IPHONEOS_DEPLOYMENT_TARGET = 10.3;
				MTL_ENABLE_DEBUG_INFO = YES;
				ONLY_ACTIVE_ARCH = YES;
				SDKROOT = iphoneos;
				SWIFT_ACTIVE_COMPILATION_CONDITIONS = DEBUG;
				SWIFT_OPTIMIZATION_LEVEL = "-Onone";
			};
			name = Debug;
		};
		920E9A431EA067470041B945 /* Release */ = {
			isa = XCBuildConfiguration;
			buildSettings = {
				ALWAYS_SEARCH_USER_PATHS = NO;
				CLANG_ANALYZER_NONNULL = YES;
				CLANG_ANALYZER_NUMBER_OBJECT_CONVERSION = YES_AGGRESSIVE;
				CLANG_CXX_LANGUAGE_STANDARD = "gnu++0x";
				CLANG_CXX_LIBRARY = "libc++";
				CLANG_ENABLE_MODULES = YES;
				CLANG_ENABLE_OBJC_ARC = YES;
				CLANG_WARN_BOOL_CONVERSION = YES;
				CLANG_WARN_CONSTANT_CONVERSION = YES;
				CLANG_WARN_DIRECT_OBJC_ISA_USAGE = YES_ERROR;
				CLANG_WARN_DOCUMENTATION_COMMENTS = YES;
				CLANG_WARN_EMPTY_BODY = YES;
				CLANG_WARN_ENUM_CONVERSION = YES;
				CLANG_WARN_INFINITE_RECURSION = YES;
				CLANG_WARN_INT_CONVERSION = YES;
				CLANG_WARN_OBJC_ROOT_CLASS = YES_ERROR;
				CLANG_WARN_SUSPICIOUS_MOVE = YES;
				CLANG_WARN_UNREACHABLE_CODE = YES;
				CLANG_WARN__DUPLICATE_METHOD_MATCH = YES;
				"CODE_SIGN_IDENTITY[sdk=iphoneos*]" = "iPhone Developer";
				COPY_PHASE_STRIP = NO;
				DEBUG_INFORMATION_FORMAT = "dwarf-with-dsym";
				ENABLE_NS_ASSERTIONS = NO;
				ENABLE_STRICT_OBJC_MSGSEND = YES;
				GCC_C_LANGUAGE_STANDARD = gnu99;
				GCC_NO_COMMON_BLOCKS = YES;
				GCC_WARN_64_TO_32_BIT_CONVERSION = YES;
				GCC_WARN_ABOUT_RETURN_TYPE = YES_ERROR;
				GCC_WARN_UNDECLARED_SELECTOR = YES;
				GCC_WARN_UNINITIALIZED_AUTOS = YES_AGGRESSIVE;
				GCC_WARN_UNUSED_FUNCTION = YES;
				GCC_WARN_UNUSED_VARIABLE = YES;
				IPHONEOS_DEPLOYMENT_TARGET = 10.3;
				MTL_ENABLE_DEBUG_INFO = NO;
				SDKROOT = iphoneos;
				SWIFT_OPTIMIZATION_LEVEL = "-Owholemodule";
				VALIDATE_PRODUCT = YES;
			};
			name = Release;
		};
		920E9A451EA067470041B945 /* Debug */ = {
			isa = XCBuildConfiguration;
			buildSettings = {
				ASSETCATALOG_COMPILER_APPICON_NAME = AppIcon;
				INFOPLIST_FILE = "SLPageView设计/Info.plist";
				LD_RUNPATH_SEARCH_PATHS = "$(inherited) @executable_path/Frameworks";
				PRODUCT_BUNDLE_IDENTIFIER = "CoderSLZeng.com.github.SLPageView--";
				PRODUCT_NAME = "$(TARGET_NAME)";
				SWIFT_VERSION = 3.0;
			};
			name = Debug;
		};
		920E9A461EA067470041B945 /* Release */ = {
			isa = XCBuildConfiguration;
			buildSettings = {
				ASSETCATALOG_COMPILER_APPICON_NAME = AppIcon;
				INFOPLIST_FILE = "SLPageView设计/Info.plist";
				LD_RUNPATH_SEARCH_PATHS = "$(inherited) @executable_path/Frameworks";
				PRODUCT_BUNDLE_IDENTIFIER = "CoderSLZeng.com.github.SLPageView--";
				PRODUCT_NAME = "$(TARGET_NAME)";
				SWIFT_VERSION = 3.0;
			};
			name = Release;
		};
		920E9A481EA067470041B945 /* Debug */ = {
			isa = XCBuildConfiguration;
			buildSettings = {
				ALWAYS_EMBED_SWIFT_STANDARD_LIBRARIES = YES;
				BUNDLE_LOADER = "$(TEST_HOST)";
				INFOPLIST_FILE = "SLPageView设计Tests/Info.plist";
				LD_RUNPATH_SEARCH_PATHS = "$(inherited) @executable_path/Frameworks @loader_path/Frameworks";
				PRODUCT_BUNDLE_IDENTIFIER = "CoderSLZeng.com.github.SLPageView--Tests";
				PRODUCT_NAME = "$(TARGET_NAME)";
				SWIFT_VERSION = 3.0;
				TEST_HOST = "$(BUILT_PRODUCTS_DIR)/SLPageView设计.app/SLPageView设计";
			};
			name = Debug;
		};
		920E9A491EA067470041B945 /* Release */ = {
			isa = XCBuildConfiguration;
			buildSettings = {
				ALWAYS_EMBED_SWIFT_STANDARD_LIBRARIES = YES;
				BUNDLE_LOADER = "$(TEST_HOST)";
				INFOPLIST_FILE = "SLPageView设计Tests/Info.plist";
				LD_RUNPATH_SEARCH_PATHS = "$(inherited) @executable_path/Frameworks @loader_path/Frameworks";
				PRODUCT_BUNDLE_IDENTIFIER = "CoderSLZeng.com.github.SLPageView--Tests";
				PRODUCT_NAME = "$(TARGET_NAME)";
				SWIFT_VERSION = 3.0;
				TEST_HOST = "$(BUILT_PRODUCTS_DIR)/SLPageView设计.app/SLPageView设计";
			};
			name = Release;
		};
		920E9A4B1EA067470041B945 /* Debug */ = {
			isa = XCBuildConfiguration;
			buildSettings = {
				ALWAYS_EMBED_SWIFT_STANDARD_LIBRARIES = YES;
				INFOPLIST_FILE = "SLPageView设计UITests/Info.plist";
				LD_RUNPATH_SEARCH_PATHS = "$(inherited) @executable_path/Frameworks @loader_path/Frameworks";
				PRODUCT_BUNDLE_IDENTIFIER = "CoderSLZeng.com.github.SLPageView--UITests";
				PRODUCT_NAME = "$(TARGET_NAME)";
				SWIFT_VERSION = 3.0;
				TEST_TARGET_NAME = "SLPageView设计";
			};
			name = Debug;
		};
		920E9A4C1EA067470041B945 /* Release */ = {
			isa = XCBuildConfiguration;
			buildSettings = {
				ALWAYS_EMBED_SWIFT_STANDARD_LIBRARIES = YES;
				INFOPLIST_FILE = "SLPageView设计UITests/Info.plist";
				LD_RUNPATH_SEARCH_PATHS = "$(inherited) @executable_path/Frameworks @loader_path/Frameworks";
				PRODUCT_BUNDLE_IDENTIFIER = "CoderSLZeng.com.github.SLPageView--UITests";
				PRODUCT_NAME = "$(TARGET_NAME)";
				SWIFT_VERSION = 3.0;
				TEST_TARGET_NAME = "SLPageView设计";
			};
			name = Release;
		};
/* End XCBuildConfiguration section */

/* Begin XCConfigurationList section */
		920E9A171EA067470041B945 /* Build configuration list for PBXProject "SLPageView设计" */ = {
			isa = XCConfigurationList;
			buildConfigurations = (
				920E9A421EA067470041B945 /* Debug */,
				920E9A431EA067470041B945 /* Release */,
			);
			defaultConfigurationIsVisible = 0;
			defaultConfigurationName = Release;
		};
		920E9A441EA067470041B945 /* Build configuration list for PBXNativeTarget "SLPageView设计" */ = {
			isa = XCConfigurationList;
			buildConfigurations = (
				920E9A451EA067470041B945 /* Debug */,
				920E9A461EA067470041B945 /* Release */,
			);
			defaultConfigurationIsVisible = 0;
			defaultConfigurationName = Release;
		};
		920E9A471EA067470041B945 /* Build configuration list for PBXNativeTarget "SLPageView设计Tests" */ = {
			isa = XCConfigurationList;
			buildConfigurations = (
				920E9A481EA067470041B945 /* Debug */,
				920E9A491EA067470041B945 /* Release */,
			);
			defaultConfigurationIsVisible = 0;
			defaultConfigurationName = Release;
		};
		920E9A4A1EA067470041B945 /* Build configuration list for PBXNativeTarget "SLPageView设计UITests" */ = {
			isa = XCConfigurationList;
			buildConfigurations = (
				920E9A4B1EA067470041B945 /* Debug */,
				920E9A4C1EA067470041B945 /* Release */,
			);
			defaultConfigurationIsVisible = 0;
			defaultConfigurationName = Release;
		};
/* End XCConfigurationList section */
	};
	rootObject = 920E9A141EA067470041B945 /* Project object */;
}
